# This file is autogenerated, do not edit; changes may be undone by the next 'dep ensure'.


[[projects]]
  branch = "master"
  name = "github.com/julianfrank/console"
  packages = ["."]
  revision = "bf1dbf6e70ad37ab83b35363a6509310e42d6783"

[[projects]]
  branch = "master"
  name = "github.com/rsms/gotalk"
  packages = [".","js"]
  revision = "676bd297b7788be72ae22443880c558f19cd91ec"

[[projects]]
  branch = "master"
  name = "golang.org/x/net"
  packages = ["websocket"]
  revision = "5ccada7d0a7ba9aeb5d3aca8d3501b4c2a509fec"

[solve-meta]
  analyzer-name = "dep"
  analyzer-version = 1
  inputs-digest = "06ad35d9bfe8af407f6a5c0a3e9a421695e7de1e5bc6383d5566f4792397c71c"
  solver-name = "gps-cdcl"
  solver-version = 1
